
Microsoft Visual Studio Solution File, Format Version 12.00
# Visual Studio 14
VisualStudioVersion = 14.0.25420.1
MinimumVisualStudioVersion = 10.0.40219.1
Project("{FAE04EC0-301F-11D3-BF4B-00C04F79EFBC}") = "OfficeDiff", "OfficeDiff\OfficeDiff.csproj", "{58CD3004-C626-419C-9E47-8F8030AB88FD}"
EndProject
Project("{FAE04EC0-301F-11D3-BF4B-00C04F79EFBC}") = "OfficeDiff.Test", "OfficeDiff.Test\OfficeDiff.Test.csproj", "{C279C335-D7C2-457D-BD2C-9BEC5653F784}"
EndProject
Global
	GlobalSection(SolutionConfigurationPlatforms) = preSolution
		Debug|Any CPU = Debug|Any CPU
		Release|Any CPU = Release|Any CPU
	EndGlobalSection
	GlobalSection(ProjectConfigurationPlatforms) = postSolution
		{58CD3004-C626-419C-9E47-8F8030AB88FD}.Debug|Any CPU.ActiveCfg = Debug|Any CPU
		{58CD3004-C626-419C-9E47-8F8030AB88FD}.Debug|Any CPU.Build.0 = Debug|Any CPU
		{58CD3004-C626-419C-9E47-8F8030AB88FD}.Release|Any CPU.ActiveCfg = Release|Any CPU
		{58CD3004-C626-419C-9E47-8F8030AB88FD}.Release|Any CPU.Build.0 = Release|Any CPU
		{C279C335-D7C2-457D-BD2C-9BEC5653F784}.Debug|Any CPU.ActiveCfg = Debug|Any CPU
		{C279C335-D7C2-457D-BD2C-9BEC5653F784}.Debug|Any CPU.Build.0 = Debug|Any CPU
		{C279C335-D7C2-457D-BD2C-9BEC5653F784}.Release|Any CPU.ActiveCfg = Release|Any CPU
		{C279C335-D7C2-457D-BD2C-9BEC5653F784}.Release|Any CPU.Build.0 = Release|Any CPU
	EndGlobalSection
	GlobalSection(SolutionProperties) = preSolution
		HideSolutionNode = FALSE
	EndGlobalSection
EndGlobal
